
Microsoft Visual Studio Solution File, Format Version 12.00
Project("{FAE04EC0-301F-11D3-BF4B-00C04F79EFBC}") = "TimeStudy", "TimeStudy\TimeStudy.csproj", "{688E11DC-0089-48EC-8455-F3493F58A755}"
EndProject
Global
	GlobalSection(SolutionConfigurationPlatforms) = preSolution
		Debug|Any CPU = Debug|Any CPU
		Release|Any CPU = Release|Any CPU
	EndGlobalSection
	GlobalSection(ProjectConfigurationPlatforms) = postSolution
		{688E11DC-0089-48EC-8455-F3493F58A755}.Debug|Any CPU.ActiveCfg = Debug|Any CPU
		{688E11DC-0089-48EC-8455-F3493F58A755}.Debug|Any CPU.Build.0 = Debug|Any CPU
		{688E11DC-0089-48EC-8455-F3493F58A755}.Release|Any CPU.ActiveCfg = Release|Any CPU
		{688E11DC-0089-48EC-8455-F3493F58A755}.Release|Any CPU.Build.0 = Release|Any CPU
	EndGlobalSection
EndGlobal
